
Microsoft Visual Studio Solution File, Format Version 12.00
# Visual Studio Version 16
VisualStudioVersion = 16.0.809.10
MinimumVisualStudioVersion = 10.0.40219.1
Project("{FAE04EC0-301F-11D3-BF4B-00C04F79EFBC}") = "MinhaAppVS1", "MinhaAppVS1.csproj", "{D11AE0C6-30D9-4BE4-9C9C-19A3B226CBAD}"
EndProject
Global
	GlobalSection(SolutionConfigurationPlatforms) = preSolution
		Debug|Any CPU = Debug|Any CPU
		Release|Any CPU = Release|Any CPU
	EndGlobalSection
	GlobalSection(ProjectConfigurationPlatforms) = postSolution
		{D11AE0C6-30D9-4BE4-9C9C-19A3B226CBAD}.Debug|Any CPU.ActiveCfg = Debug|Any CPU
		{D11AE0C6-30D9-4BE4-9C9C-19A3B226CBAD}.Debug|Any CPU.Build.0 = Debug|Any CPU
		{D11AE0C6-30D9-4BE4-9C9C-19A3B226CBAD}.Release|Any CPU.ActiveCfg = Release|Any CPU
		{D11AE0C6-30D9-4BE4-9C9C-19A3B226CBAD}.Release|Any CPU.Build.0 = Release|Any CPU
	EndGlobalSection
	GlobalSection(SolutionProperties) = preSolution
		HideSolutionNode = FALSE
	EndGlobalSection
	GlobalSection(ExtensibilityGlobals) = postSolution
		SolutionGuid = {ED759A7B-ACAD-4DE4-90E4-D681903B1F6A}
	EndGlobalSection
EndGlobal
